Microsoft Visual Studio Solution File, Format Version 12.00
# Visual Studio 2013
VisualStudioVersion = 12.0.40629.0
MinimumVisualStudioVersion = 10.0.40219.1
Project("{FAE04EC0-301F-11D3-BF4B-00C04F79EFBC}") = "Demo_NMM.Basic.D1", "Demo_NMM.Basic.D1\Demo_NMM.Basic.D1.csproj", "{0A3E59F4-7AFB-4D58-BDD4-E6F534B90DE2}"
EndProject
Project("{FAE04EC0-301F-11D3-BF4B-00C04F79EFBC}") = "Demo_NMM.Basic.D2", "Demo_NMM.Basic.D2\Demo_NMM.Basic.D2.csproj", "{A78210D0-3763-4658-B86A-110C51CEBA12}"
EndProject
Project("{2150E333-8FDC-42A3-9474-1A3956D46DE8}") = "Solution Items", "Solution Items", "{20B00962-39F5-4C2A-B989-708C68DC8FC7}"
	ProjectSection(SolutionItems) = preProject
		Documentation.txt = Documentation.txt
	EndProjectSection
EndProject
Project("{FAE04EC0-301F-11D3-BF4B-00C04F79EFBC}") = "Demo_NMM.Basic.D3", "Demo_NMM.Basic.D3\Demo_NMM.Basic.D3.csproj", "{BD813C6C-E2B2-453D-BF1F-E4455F2053A6}"
EndProject
Project("{FAE04EC0-301F-11D3-BF4B-00C04F79EFBC}") = "Demo_NMM.Basic.D2.Starter", "Demo_NMM.Basic.D2.Starter\Demo_NMM.Basic.D2.Starter.csproj", "{45487450-243E-4BCC-8D8E-E180EC88375A}"
EndProject
Project("{FAE04EC0-301F-11D3-BF4B-00C04F79EFBC}") = "Demo_NMM.Basic.D3.Starter", "Demo_NMM.Basic.D3.Starter\Demo_NMM.Basic.D3.Starter.csproj", "{3378AEB2-A2B7-4409-BAD7-1E44CBAE60CC}"
EndProject
Global
	GlobalSection(SolutionConfigurationPlatforms) = preSolution
		Debug|Any CPU = Debug|Any CPU
		Release|Any CPU = Release|Any CPU
	EndGlobalSection
	GlobalSection(ProjectConfigurationPlatforms) = postSolution
		{0A3E59F4-7AFB-4D58-BDD4-E6F534B90DE2}.Debug|Any CPU.ActiveCfg = Debug|Any CPU
		{0A3E59F4-7AFB-4D58-BDD4-E6F534B90DE2}.Debug|Any CPU.Build.0 = Debug|Any CPU
		{0A3E59F4-7AFB-4D58-BDD4-E6F534B90DE2}.Release|Any CPU.ActiveCfg = Release|Any CPU
		{0A3E59F4-7AFB-4D58-BDD4-E6F534B90DE2}.Release|Any CPU.Build.0 = Release|Any CPU
		{A78210D0-3763-4658-B86A-110C51CEBA12}.Debug|Any CPU.ActiveCfg = Debug|Any CPU
		{A78210D0-3763-4658-B86A-110C51CEBA12}.Debug|Any CPU.Build.0 = Debug|Any CPU
		{A78210D0-3763-4658-B86A-110C51CEBA12}.Release|Any CPU.ActiveCfg = Release|Any CPU
		{A78210D0-3763-4658-B86A-110C51CEBA12}.Release|Any CPU.Build.0 = Release|Any CPU
		{BD813C6C-E2B2-453D-BF1F-E4455F2053A6}.Debug|Any CPU.ActiveCfg = Debug|Any CPU
		{BD813C6C-E2B2-453D-BF1F-E4455F2053A6}.Debug|Any CPU.Build.0 = Debug|Any CPU
		{BD813C6C-E2B2-453D-BF1F-E4455F2053A6}.Release|Any CPU.ActiveCfg = Release|Any CPU
		{BD813C6C-E2B2-453D-BF1F-E4455F2053A6}.Release|Any CPU.Build.0 = Release|Any CPU
		{45487450-243E-4BCC-8D8E-E180EC88375A}.Debug|Any CPU.ActiveCfg = Debug|Any CPU
		{45487450-243E-4BCC-8D8E-E180EC88375A}.Debug|Any CPU.Build.0 = Debug|Any CPU
		{45487450-243E-4BCC-8D8E-E180EC88375A}.Release|Any CPU.ActiveCfg = Release|Any CPU
		{45487450-243E-4BCC-8D8E-E180EC88375A}.Release|Any CPU.Build.0 = Release|Any CPU
		{3378AEB2-A2B7-4409-BAD7-1E44CBAE60CC}.Debug|Any CPU.ActiveCfg = Debug|Any CPU
		{3378AEB2-A2B7-4409-BAD7-1E44CBAE60CC}.Debug|Any CPU.Build.0 = Debug|Any CPU
		{3378AEB2-A2B7-4409-BAD7-1E44CBAE60CC}.Release|Any CPU.ActiveCfg = Release|Any CPU
		{3378AEB2-A2B7-4409-BAD7-1E44CBAE60CC}.Release|Any CPU.Build.0 = Release|Any CPU
	EndGlobalSection
	GlobalSection(SolutionProperties) = preSolution
		HideSolutionNode = FALSE
	EndGlobalSection
EndGlobal
